// !$*UTF8*$!
{
	archiveVersion = 1;
	classes = {
	};
	objectVersion = 46;
	objects = {

/* Begin PBXBuildFile section */
		3087AF061E340CC700646F26 /* AppDelegate.swift in Sources */ = {isa = PBXBuildFile; fileRef = 3087AF051E340CC700646F26 /* AppDelegate.swift */; };
		3087AF081E340CC700646F26 /* RecordSoundsViewController.swift in Sources */ = {isa = PBXBuildFile; fileRef = 3087AF071E340CC700646F26 /* RecordSoundsViewController.swift */; };
		3087AF0B1E340CC700646F26 /* Main.storyboard in Resources */ = {isa = PBXBuildFile; fileRef = 3087AF091E340CC700646F26 /* Main.storyboard */; };
		3087AF0D1E340CC700646F26 /* Assets.xcassets in Resources */ = {isa = PBXBuildFile; fileRef = 3087AF0C1E340CC700646F26 /* Assets.xcassets */; };
		3087AF101E340CC700646F26 /* LaunchScreen.storyboard in Resources */ = {isa = PBXBuildFile; fileRef = 3087AF0E1E340CC700646F26 /* LaunchScreen.storyboard */; };
		3087AF1C1E356AEF00646F26 /* PlaySoundsViewController.swift in Sources */ = {isa = PBXBuildFile; fileRef = 3087AF1B1E356AEF00646F26 /* PlaySoundsViewController.swift */; };
		3087AF1E1E357EFF00646F26 /* PlaySoundsViewController+Audio.swift in Sources */ = {isa = PBXBuildFile; fileRef = 3087AF1D1E357EFF00646F26 /* PlaySoundsViewController+Audio.swift */; };
/* End PBXBuildFile section */

/* Begin PBXFileReference section */
		3087AF021E340CC700646F26 /* PitchPerfect.app */ = {isa = PBXFileReference; explicitFileType = wrapper.application; includeInIndex = 0; path = PitchPerfect.app; sourceTree = BUILT_PRODUCTS_DIR; };
		3087AF051E340CC700646F26 /* AppDelegate.swift */ = {isa = PBXFileReference; lastKnownFileType = sourcecode.swift; path = AppDelegate.swift; sourceTree = "<group>"; };
		3087AF071E340CC700646F26 /* RecordSoundsViewController.swift */ = {isa = PBXFileReference; lastKnownFileType = sourcecode.swift; path = RecordSoundsViewController.swift; sourceTree = "<group>"; };
		3087AF0A1E340CC700646F26 /* Base */ = {isa = PBXFileReference; lastKnownFileType = file.storyboard; name = Base; path = Base.lproj/Main.storyboard; sourceTree = "<group>"; };
		3087AF0C1E340CC700646F26 /* Assets.xcassets */ = {isa = PBXFileReference; lastKnownFileType = folder.assetcatalog; path = Assets.xcassets; sourceTree = "<group>"; };
		3087AF0F1E340CC700646F26 /* Base */ = {isa = PBXFileReference; lastKnownFileType = file.storyboard; name = Base; path = Base.lproj/LaunchScreen.storyboard; sourceTree = "<group>"; };
		3087AF111E340CC700646F26 /* Info.plist */ = {isa = PBXFileReference; lastKnownFileType = text.plist.xml; path = Info.plist; sourceTree = "<group>"; };
		3087AF1B1E356AEF00646F26 /* PlaySoundsViewController.swift */ = {isa = PBXFileReference; fileEncoding = 4; lastKnownFileType = sourcecode.swift; path = PlaySoundsViewController.swift; sourceTree = "<group>"; };
		3087AF1D1E357EFF00646F26 /* PlaySoundsViewController+Audio.swift */ = {isa = PBXFileReference; fileEncoding = 4; lastKnownFileType = sourcecode.swift; path = "PlaySoundsViewController+Audio.swift"; sourceTree = "<group>"; };
/* End PBXFileReference section */

/* Begin PBXFrameworksBuildPhase section */
		3087AEFF1E340CC700646F26 /* Frameworks */ = {
			isa = PBXFrameworksBuildPhase;
			buildActionMask = 2147483647;
			files = (
			);
			runOnlyForDeploymentPostprocessing = 0;
		};
/* End PBXFrameworksBuildPhase section */

/* Begin PBXGroup section */
		3087AEF91E340CC700646F26 = {
			isa = PBXGroup;
			children = (
				3087AF041E340CC700646F26 /* PitchPerfect */,
				3087AF031E340CC700646F26 /* Products */,
			);
			sourceTree = "<group>";
		};
		3087AF031E340CC700646F26 /* Products */ = {
			isa = PBXGroup;
			children = (
				3087AF021E340CC700646F26 /* PitchPerfect.app */,
			);
			name = Products;
			sourceTree = "<group>";
		};
		3087AF041E340CC700646F26 /* PitchPerfect */ = {
			isa = PBXGroup;
			children = (
				3087AF051E340CC700646F26 /* AppDelegate.swift */,
				3087AF071E340CC700646F26 /* RecordSoundsViewController.swift */,
				3087AF1B1E356AEF00646F26 /* PlaySoundsViewController.swift */,
				3087AF1D1E357EFF00646F26 /* PlaySoundsViewController+Audio.swift */,
				3087AF091E340CC700646F26 /* Main.storyboard */,
				3087AF0C1E340CC700646F26 /* Assets.xcassets */,
				3087AF0E1E340CC700646F26 /* LaunchScreen.storyboard */,
				3087AF111E340CC700646F26 /* Info.plist */,
			);
			path = PitchPerfect;
			sourceTree = "<group>";
		};
/* End PBXGroup section */

/* Begin PBXNativeTarget section */
		3087AF011E340CC700646F26 /* PitchPerfect */ = {
			isa = PBXNativeTarget;
			buildConfigurationList = 3087AF141E340CC700646F26 /* Build configuration list for PBXNativeTarget "PitchPerfect" */;
			buildPhases = (
				3087AEFE1E340CC700646F26 /* Sources */,
				3087AEFF1E340CC700646F26 /* Frameworks */,
				3087AF001E340CC700646F26 /* Resources */,
			);
			buildRules = (
			);
			dependencies = (
			);
			name = PitchPerfect;
			productName = PitchPerfect;
			productReference = 3087AF021E340CC700646F26 /* PitchPerfect.app */;
			productType = "com.apple.product-type.application";
		};
/* End PBXNativeTarget section */

/* Begin PBXProject section */
		3087AEFA1E340CC700646F26 /* Project object */ = {
			isa = PBXProject;
			attributes = {
				LastSwiftUpdateCheck = 0810;
				LastUpgradeCheck = 0810;
				ORGANIZATIONNAME = "Daniel McAteer";
				TargetAttributes = {
					3087AF011E340CC700646F26 = {
						CreatedOnToolsVersion = 8.1;
						DevelopmentTeam = 7H8FME2M4D;
						ProvisioningStyle = Automatic;
					};
				};
			};
			buildConfigurationList = 3087AEFD1E340CC700646F26 /* Build configuration list for PBXProject "PitchPerfect" */;
			compatibilityVersion = "Xcode 3.2";
			developmentRegion = English;
			hasScannedForEncodings = 0;
			knownRegions = (
				en,
				Base,
			);
			mainGroup = 3087AEF91E340CC700646F26;
			productRefGroup = 3087AF031E340CC700646F26 /* Products */;
			projectDirPath = "";
			projectRoot = "";
			targets = (
				3087AF011E340CC700646F26 /* PitchPerfect */,
			);
		};
/* End PBXProject section */

/* Begin PBXResourcesBuildPhase section */
		3087AF001E340CC700646F26 /* Resources */ = {
			isa = PBXResourcesBuildPhase;
			buildActionMask = 2147483647;
			files = (
				3087AF101E340CC700646F26 /* LaunchScreen.storyboard in Resources */,
				3087AF0D1E340CC700646F26 /* Assets.xcassets in Resources */,
				3087AF0B1E340CC700646F26 /* Main.storyboard in Resources */,
			);
			runOnlyForDeploymentPostprocessing = 0;
		};
/* End PBXResourcesBuildPhase section */

/* Begin PBXSourcesBuildPhase section */
		3087AEFE1E340CC700646F26 /* Sources */ = {
			isa = PBXSourcesBuildPhase;
			buildActionMask = 2147483647;
			files = (
				3087AF081E340CC700646F26 /* RecordSoundsViewController.swift in Sources */,
				3087AF1E1E357EFF00646F26 /* PlaySoundsViewController+Audio.swift in Sources */,
				3087AF1C1E356AEF00646F26 /* PlaySoundsViewController.swift in Sources */,
				3087AF061E340CC700646F26 /* AppDelegate.swift in Sources */,
			);
			runOnlyForDeploymentPostprocessing = 0;
		};
/* End PBXSourcesBuildPhase section */

/* Begin PBXVariantGroup section */
		3087AF091E340CC700646F26 /* Main.storyboard */ = {
			isa = PBXVariantGroup;
			children = (
				3087AF0A1E340CC700646F26 /* Base */,
			);
			name = Main.storyboard;
			sourceTree = "<group>";
		};
		3087AF0E1E340CC700646F26 /* LaunchScreen.storyboard */ = {
			isa = PBXVariantGroup;
			children = (
				3087AF0F1E340CC700646F26 /* Base */,
			);
			name = LaunchScreen.storyboard;
			sourceTree = "<group>";
		};
/* End PBXVariantGroup section */

/* Begin XCBuildConfiguration section */
		3087AF121E340CC700646F26 /* Debug */ = {
			isa = XCBuildConfiguration;
			buildSettings = {
				ALWAYS_SEARCH_USER_PATHS = NO;
				CLANG_ANALYZER_NONNULL = YES;
				CLANG_CXX_LANGUAGE_STANDARD = "gnu++0x";
				CLANG_CXX_LIBRARY = "libc++";
				CLANG_ENABLE_MODULES = YES;
				CLANG_ENABLE_OBJC_ARC = YES;
				CLANG_WARN_BOOL_CONVERSION = YES;
				CLANG_WARN_CONSTANT_CONVERSION = YES;
				CLANG_WARN_DIRECT_OBJC_ISA_USAGE = YES_ERROR;
				CLANG_WARN_DOCUMENTATION_COMMENTS = YES;
				CLANG_WARN_EMPTY_BODY = YES;
				CLANG_WARN_ENUM_CONVERSION = YES;
				CLANG_WARN_INFINITE_RECURSION = YES;
				CLANG_WARN_INT_CONVERSION = YES;
				CLANG_WARN_OBJC_ROOT_CLASS = YES_ERROR;
				CLANG_WARN_SUSPICIOUS_MOVES = YES;
				CLANG_WARN_UNREACHABLE_CODE = YES;
				CLANG_WARN__DUPLICATE_METHOD_MATCH = YES;
				"CODE_SIGN_IDENTITY[sdk=iphoneos*]" = "iPhone Developer";
				COPY_PHASE_STRIP = NO;
				DEBUG_INFORMATION_FORMAT = dwarf;
				ENABLE_STRICT_OBJC_MSGSEND = YES;
				ENABLE_TESTABILITY = YES;
				GCC_C_LANGUAGE_STANDARD = gnu99;
				GCC_DYNAMIC_NO_PIC = NO;
				GCC_NO_COMMON_BLOCKS = YES;
				GCC_OPTIMIZATION_LEVEL = 0;
				GCC_PREPROCESSOR_DEFINITIONS = (
					"DEBUG=1",
					"$(inherited)",
				);
				GCC_WARN_64_TO_32_BIT_CONVERSION = YES;
				GCC_WARN_ABOUT_RETURN_TYPE = YES_ERROR;
				GCC_WARN_UNDECLARED_SELECTOR = YES;
				GCC_WARN_UNINITIALIZED_AUTOS = YES_AGGRESSIVE;
				GCC_WARN_UNUSED_FUNCTION = YES;
				GCC_WARN_UNUSED_VARIABLE = YES;
				IPHONEOS_DEPLOYMENT_TARGET = 10.1;
				MTL_ENABLE_DEBUG_INFO = YES;
				ONLY_ACTIVE_ARCH = YES;
				SDKROOT = iphoneos;
				SWIFT_ACTIVE_COMPILATION_CONDITIONS = DEBUG;
				SWIFT_OPTIMIZATION_LEVEL = "-Onone";
				TARGETED_DEVICE_FAMILY = "1,2";
			};
			name = Debug;
		};
		3087AF131E340CC700646F26 /* Release */ = {
			isa = XCBuildConfiguration;
			buildSettings = {
				ALWAYS_SEARCH_USER_PATHS = NO;
				CLANG_ANALYZER_NONNULL = YES;
				CLANG_CXX_LANGUAGE_STANDARD = "gnu++0x";
				CLANG_CXX_LIBRARY = "libc++";
				CLANG_ENABLE_MODULES = YES;
				CLANG_ENABLE_OBJC_ARC = YES;
				CLANG_WARN_BOOL_CONVERSION = YES;
				CLANG_WARN_CONSTANT_CONVERSION = YES;
				CLANG_WARN_DIRECT_OBJC_ISA_USAGE = YES_ERROR;
				CLANG_WARN_DOCUMENTATION_COMMENTS = YES;
				CLANG_WARN_EMPTY_BODY = YES;
				CLANG_WARN_ENUM_CONVERSION = YES;
				CLANG_WARN_INFINITE_RECURSION = YES;
				CLANG_WARN_INT_CONVERSION = YES;
				CLANG_WARN_OBJC_ROOT_CLASS = YES_ERROR;
				CLANG_WARN_SUSPICIOUS_MOVES = YES;
				CLANG_WARN_UNREACHABLE_CODE = YES;
				CLANG_WARN__DUPLICATE_METHOD_MATCH = YES;
				"CODE_SIGN_IDENTITY[sdk=iphoneos*]" = "iPhone Developer";
				COPY_PHASE_STRIP = NO;
				DEBUG_INFORMATION_FORMAT = "dwarf-with-dsym";
				ENABLE_NS_ASSERTIONS = NO;
				ENABLE_STRICT_OBJC_MSGSEND = YES;
				GCC_C_LANGUAGE_STANDARD = gnu99;
				GCC_NO_COMMON_BLOCKS = YES;
				GCC_WARN_64_TO_32_BIT_CONVERSION = YES;
				GCC_WARN_ABOUT_RETURN_TYPE = YES_ERROR;
				GCC_WARN_UNDECLARED_SELECTOR = YES;
				GCC_WARN_UNINITIALIZED_AUTOS = YES_AGGRESSIVE;
				GCC_WARN_UNUSED_FUNCTION = YES;
				GCC_WARN_UNUSED_VARIABLE = YES;
				IPHONEOS_DEPLOYMENT_TARGET = 10.1;
				MTL_ENABLE_DEBUG_INFO = NO;
				SDKROOT = iphoneos;
				SWIFT_OPTIMIZATION_LEVEL = "-Owholemodule";
				TARGETED_DEVICE_FAMILY = "1,2";
				VALIDATE_PRODUCT = YES;
			};
			name = Release;
		};
		3087AF151E340CC700646F26 /* Debug */ = {
			isa = XCBuildConfiguration;
			buildSettings = {
				ASSETCATALOG_COMPILER_APPICON_NAME = AppIcon;
				DEVELOPMENT_TEAM = 7H8FME2M4D;
				INFOPLIST_FILE = PitchPerfect/Info.plist;
				LD_RUNPATH_SEARCH_PATHS = "$(inherited) @executable_path/Frameworks";
				PRODUCT_BUNDLE_IDENTIFIER = org.theartofsmart.PitchPerfect;
				PRODUCT_NAME = "$(TARGET_NAME)";
				SWIFT_VERSION = 3.0;
			};
			name = Debug;
		};
		3087AF161E340CC700646F26 /* Release */ = {
			isa = XCBuildConfiguration;
			buildSettings = {
				ASSETCATALOG_COMPILER_APPICON_NAME = AppIcon;
				DEVELOPMENT_TEAM = 7H8FME2M4D;
				INFOPLIST_FILE = PitchPerfect/Info.plist;
				LD_RUNPATH_SEARCH_PATHS = "$(inherited) @executable_path/Frameworks";
				PRODUCT_BUNDLE_IDENTIFIER = org.theartofsmart.PitchPerfect;
				PRODUCT_NAME = "$(TARGET_NAME)";
				SWIFT_VERSION = 3.0;
			};
			name = Release;
		};
/* End XCBuildConfiguration section */

/* Begin XCConfigurationList section */
		3087AEFD1E340CC700646F26 /* Build configuration list for PBXProject "PitchPerfect" */ = {
			isa = XCConfigurationList;
			buildConfigurations = (
				3087AF121E340CC700646F26 /* Debug */,
				3087AF131E340CC700646F26 /* Release */,
			);
			defaultConfigurationIsVisible = 0;
			defaultConfigurationName = Release;
		};
		3087AF141E340CC700646F26 /* Build configuration list for PBXNativeTarget "PitchPerfect" */ = {
			isa = XCConfigurationList;
			buildConfigurations = (
				3087AF151E340CC700646F26 /* Debug */,
				3087AF161E340CC700646F26 /* Release */,
			);
			defaultConfigurationIsVisible = 0;
		};
/* End XCConfigurationList section */
	};
	rootObject = 3087AEFA1E340CC700646F26 /* Project object */;
}
